
Microsoft Visual Studio Solution File, Format Version 12.00
# Visual Studio Version 17
VisualStudioVersion = 17.14.36915.13 d17.14
MinimumVisualStudioVersion = 10.0.40219.1
Project("{FAE04EC0-301F-11D3-BF4B-00C04F79EFBC}") = "DocuBot.Cli", "DocuBot.Cli\DocuBot.Cli.csproj", "{498A6086-C098-4520-9953-EEB2BE52E9A5}"
EndProject
Project("{FAE04EC0-301F-11D3-BF4B-00C04F79EFBC}") = "DocuBot.AIService", "DocuBot.AIService\DocuBot.AIService.csproj", "{B4E31B8C-E4F1-4359-A9ED-6E363041F8C6}"
EndProject
Project("{FAE04EC0-301F-11D3-BF4B-00C04F79EFBC}") = "DocuBot.Tools", "DocuBot.Tools\DocuBot.Tools.csproj", "{EF89DA05-3B8A-409F-9BCF-CCA894C82070}"
EndProject
Global
	GlobalSection(SolutionConfigurationPlatforms) = preSolution
		Debug|Any CPU = Debug|Any CPU
		Release|Any CPU = Release|Any CPU
	EndGlobalSection
	GlobalSection(ProjectConfigurationPlatforms) = postSolution
		{498A6086-C098-4520-9953-EEB2BE52E9A5}.Debug|Any CPU.ActiveCfg = Debug|Any CPU
		{498A6086-C098-4520-9953-EEB2BE52E9A5}.Debug|Any CPU.Build.0 = Debug|Any CPU
		{498A6086-C098-4520-9953-EEB2BE52E9A5}.Release|Any CPU.ActiveCfg = Release|Any CPU
		{498A6086-C098-4520-9953-EEB2BE52E9A5}.Release|Any CPU.Build.0 = Release|Any CPU
		{B4E31B8C-E4F1-4359-A9ED-6E363041F8C6}.Debug|Any CPU.ActiveCfg = Debug|Any CPU
		{B4E31B8C-E4F1-4359-A9ED-6E363041F8C6}.Debug|Any CPU.Build.0 = Debug|Any CPU
		{B4E31B8C-E4F1-4359-A9ED-6E363041F8C6}.Release|Any CPU.ActiveCfg = Release|Any CPU
		{B4E31B8C-E4F1-4359-A9ED-6E363041F8C6}.Release|Any CPU.Build.0 = Release|Any CPU
		{EF89DA05-3B8A-409F-9BCF-CCA894C82070}.Debug|Any CPU.ActiveCfg = Debug|Any CPU
		{EF89DA05-3B8A-409F-9BCF-CCA894C82070}.Debug|Any CPU.Build.0 = Debug|Any CPU
		{EF89DA05-3B8A-409F-9BCF-CCA894C82070}.Release|Any CPU.ActiveCfg = Release|Any CPU
		{EF89DA05-3B8A-409F-9BCF-CCA894C82070}.Release|Any CPU.Build.0 = Release|Any CPU
	EndGlobalSection
	GlobalSection(SolutionProperties) = preSolution
		HideSolutionNode = FALSE
	EndGlobalSection
	GlobalSection(ExtensibilityGlobals) = postSolution
		SolutionGuid = {C56820B7-A457-48CE-B154-F0E61DA6A37A}
	EndGlobalSection
EndGlobal
